
Microsoft Visual Studio Solution File, Format Version 12.00
# Visual Studio 14
VisualStudioVersion = 14.0.25420.1
MinimumVisualStudioVersion = 10.0.40219.1
Project("{FAE04EC0-301F-11D3-BF4B-00C04F79EFBC}") = "ConsoleApplication1", "ConsoleApplication1\ConsoleApplication1.csproj", "{4526F697-C208-4FAD-A94F-E87ACBDC41AB}"
EndProject
Project("{FAE04EC0-301F-11D3-BF4B-00C04F79EFBC}") = "WindowsService1", "WindowsService1\WindowsService1.csproj", "{9143B07A-CA89-43C3-8777-7274A9F01499}"
EndProject
Project("{FAE04EC0-301F-11D3-BF4B-00C04F79EFBC}") = "WebApi", "WebApi\WebApi.csproj", "{2DAFB82B-33F5-4D69-9F50-7C67720CC073}"
EndProject
Global
	GlobalSection(SolutionConfigurationPlatforms) = preSolution
		Debug|Any CPU = Debug|Any CPU
		Release|Any CPU = Release|Any CPU
	EndGlobalSection
	GlobalSection(ProjectConfigurationPlatforms) = postSolution
		{4526F697-C208-4FAD-A94F-E87ACBDC41AB}.Debug|Any CPU.ActiveCfg = Debug|Any CPU
		{4526F697-C208-4FAD-A94F-E87ACBDC41AB}.Debug|Any CPU.Build.0 = Debug|Any CPU
		{4526F697-C208-4FAD-A94F-E87ACBDC41AB}.Release|Any CPU.ActiveCfg = Release|Any CPU
		{4526F697-C208-4FAD-A94F-E87ACBDC41AB}.Release|Any CPU.Build.0 = Release|Any CPU
		{9143B07A-CA89-43C3-8777-7274A9F01499}.Debug|Any CPU.ActiveCfg = Debug|Any CPU
		{9143B07A-CA89-43C3-8777-7274A9F01499}.Debug|Any CPU.Build.0 = Debug|Any CPU
		{9143B07A-CA89-43C3-8777-7274A9F01499}.Release|Any CPU.ActiveCfg = Release|Any CPU
		{9143B07A-CA89-43C3-8777-7274A9F01499}.Release|Any CPU.Build.0 = Release|Any CPU
		{2DAFB82B-33F5-4D69-9F50-7C67720CC073}.Debug|Any CPU.ActiveCfg = Debug|Any CPU
		{2DAFB82B-33F5-4D69-9F50-7C67720CC073}.Debug|Any CPU.Build.0 = Debug|Any CPU
		{2DAFB82B-33F5-4D69-9F50-7C67720CC073}.Release|Any CPU.ActiveCfg = Release|Any CPU
		{2DAFB82B-33F5-4D69-9F50-7C67720CC073}.Release|Any CPU.Build.0 = Release|Any CPU
	EndGlobalSection
	GlobalSection(SolutionProperties) = preSolution
		HideSolutionNode = FALSE
	EndGlobalSection
EndGlobal
